
Microsoft Visual Studio Solution File, Format Version 12.00
# Visual Studio 15
VisualStudioVersion = 15.0.27004.2010
MinimumVisualStudioVersion = 10.0.40219.1
Project("{FAE04EC0-301F-11D3-BF4B-00C04F79EFBC}") = "BasketballApp", "BasketballApp\BasketballApp.csproj", "{C99F18B5-AC7E-4051-A74A-2C559EA8D588}"
EndProject
Global
	GlobalSection(SolutionConfigurationPlatforms) = preSolution
		Debug|Any CPU = Debug|Any CPU
		Release|Any CPU = Release|Any CPU
	EndGlobalSection
	GlobalSection(ProjectConfigurationPlatforms) = postSolution
		{C99F18B5-AC7E-4051-A74A-2C559EA8D588}.Debug|Any CPU.ActiveCfg = Debug|Any CPU
		{C99F18B5-AC7E-4051-A74A-2C559EA8D588}.Debug|Any CPU.Build.0 = Debug|Any CPU
		{C99F18B5-AC7E-4051-A74A-2C559EA8D588}.Release|Any CPU.ActiveCfg = Release|Any CPU
		{C99F18B5-AC7E-4051-A74A-2C559EA8D588}.Release|Any CPU.Build.0 = Release|Any CPU
	EndGlobalSection
	GlobalSection(SolutionProperties) = preSolution
		HideSolutionNode = FALSE
	EndGlobalSection
	GlobalSection(ExtensibilityGlobals) = postSolution
		SolutionGuid = {EE85F451-6DE4-4957-985C-EF29338F2172}
	EndGlobalSection
EndGlobal
